// !$*UTF8*$!
{
	archiveVersion = 1;
	classes = {
	};
	objectVersion = 50;
	objects = {

/* Begin PBXBuildFile section */
		D77FAB6324D8E5D5002292AA /* AppDelegate.swift in Sources */ = {isa = PBXBuildFile; fileRef = D77FAB6224D8E5D5002292AA /* AppDelegate.swift */; };
		D77FAB6524D8E5D5002292AA /* SceneDelegate.swift in Sources */ = {isa = PBXBuildFile; fileRef = D77FAB6424D8E5D5002292AA /* SceneDelegate.swift */; };
		D77FAB6724D8E5D5002292AA /* ViewController.swift in Sources */ = {isa = PBXBuildFile; fileRef = D77FAB6624D8E5D5002292AA /* ViewController.swift */; };
		D77FAB6A24D8E5D5002292AA /* Main.storyboard in Resources */ = {isa = PBXBuildFile; fileRef = D77FAB6824D8E5D5002292AA /* Main.storyboard */; };
		D77FAB6C24D8E5D9002292AA /* Assets.xcassets in Resources */ = {isa = PBXBuildFile; fileRef = D77FAB6B24D8E5D9002292AA /* Assets.xcassets */; };
		D77FAB6F24D8E5D9002292AA /* LaunchScreen.storyboard in Resources */ = {isa = PBXBuildFile; fileRef = D77FAB6D24D8E5D9002292AA /* LaunchScreen.storyboard */; };
		D77FAB7724D8EB35002292AA /* Colors.swift in Sources */ = {isa = PBXBuildFile; fileRef = D77FAB7624D8EB35002292AA /* Colors.swift */; };
		D77FAB7B24D8F266002292AA /* PokeService.swift in Sources */ = {isa = PBXBuildFile; fileRef = D77FAB7A24D8F266002292AA /* PokeService.swift */; };
		D78C63CC24DDCFDA00F1BC91 /* PokeTableViewCell.swift in Sources */ = {isa = PBXBuildFile; fileRef = D78C63CA24DDCFDA00F1BC91 /* PokeTableViewCell.swift */; };
		D78C63CD24DDCFDA00F1BC91 /* PokeTableViewCell.xib in Resources */ = {isa = PBXBuildFile; fileRef = D78C63CB24DDCFDA00F1BC91 /* PokeTableViewCell.xib */; };
/* End PBXBuildFile section */

/* Begin PBXFileReference section */
		D77FAB5F24D8E5D5002292AA /* Pokedex-iOS.app */ = {isa = PBXFileReference; explicitFileType = wrapper.application; includeInIndex = 0; path = "Pokedex-iOS.app"; sourceTree = BUILT_PRODUCTS_DIR; };
		D77FAB6224D8E5D5002292AA /* AppDelegate.swift */ = {isa = PBXFileReference; lastKnownFileType = sourcecode.swift; path = AppDelegate.swift; sourceTree = "<group>"; };
		D77FAB6424D8E5D5002292AA /* SceneDelegate.swift */ = {isa = PBXFileReference; lastKnownFileType = sourcecode.swift; path = SceneDelegate.swift; sourceTree = "<group>"; };
		D77FAB6624D8E5D5002292AA /* ViewController.swift */ = {isa = PBXFileReference; lastKnownFileType = sourcecode.swift; path = ViewController.swift; sourceTree = "<group>"; };
		D77FAB6924D8E5D5002292AA /* Base */ = {isa = PBXFileReference; lastKnownFileType = file.storyboard; name = Base; path = Base.lproj/Main.storyboard; sourceTree = "<group>"; };
		D77FAB6B24D8E5D9002292AA /* Assets.xcassets */ = {isa = PBXFileReference; lastKnownFileType = folder.assetcatalog; path = Assets.xcassets; sourceTree = "<group>"; };
		D77FAB6E24D8E5D9002292AA /* Base */ = {isa = PBXFileReference; lastKnownFileType = file.storyboard; name = Base; path = Base.lproj/LaunchScreen.storyboard; sourceTree = "<group>"; };
		D77FAB7024D8E5D9002292AA /* Info.plist */ = {isa = PBXFileReference; lastKnownFileType = text.plist.xml; path = Info.plist; sourceTree = "<group>"; };
		D77FAB7624D8EB35002292AA /* Colors.swift */ = {isa = PBXFileReference; lastKnownFileType = sourcecode.swift; path = Colors.swift; sourceTree = "<group>"; };
		D77FAB7A24D8F266002292AA /* PokeService.swift */ = {isa = PBXFileReference; lastKnownFileType = sourcecode.swift; path = PokeService.swift; sourceTree = "<group>"; };
		D78C63CA24DDCFDA00F1BC91 /* PokeTableViewCell.swift */ = {isa = PBXFileReference; lastKnownFileType = sourcecode.swift; path = PokeTableViewCell.swift; sourceTree = "<group>"; };
		D78C63CB24DDCFDA00F1BC91 /* PokeTableViewCell.xib */ = {isa = PBXFileReference; lastKnownFileType = file.xib; path = PokeTableViewCell.xib; sourceTree = "<group>"; };
/* End PBXFileReference section */

/* Begin PBXFrameworksBuildPhase section */
		D77FAB5C24D8E5D5002292AA /* Frameworks */ = {
			isa = PBXFrameworksBuildPhase;
			buildActionMask = 2147483647;
			files = (
			);
			runOnlyForDeploymentPostprocessing = 0;
		};
/* End PBXFrameworksBuildPhase section */

/* Begin PBXGroup section */
		D77FAB5624D8E5D5002292AA = {
			isa = PBXGroup;
			children = (
				D77FAB6124D8E5D5002292AA /* Pokedex-iOS */,
				D77FAB6024D8E5D5002292AA /* Products */,
			);
			sourceTree = "<group>";
		};
		D77FAB6024D8E5D5002292AA /* Products */ = {
			isa = PBXGroup;
			children = (
				D77FAB5F24D8E5D5002292AA /* Pokedex-iOS.app */,
			);
			name = Products;
			sourceTree = "<group>";
		};
		D77FAB6124D8E5D5002292AA /* Pokedex-iOS */ = {
			isa = PBXGroup;
			children = (
				D78C63C924DDCFB500F1BC91 /* ViewController */,
				D78C63C824DDCF8F00F1BC91 /* View */,
				D77FAB7924D8F251002292AA /* Services */,
				D77FAB7824D8F1E2002292AA /* Model */,
				D77FAB6224D8E5D5002292AA /* AppDelegate.swift */,
				D77FAB6424D8E5D5002292AA /* SceneDelegate.swift */,
				D77FAB7024D8E5D9002292AA /* Info.plist */,
			);
			path = "Pokedex-iOS";
			sourceTree = "<group>";
		};
		D77FAB7824D8F1E2002292AA /* Model */ = {
			isa = PBXGroup;
			children = (
				D77FAB7624D8EB35002292AA /* Colors.swift */,
			);
			path = Model;
			sourceTree = "<group>";
		};
		D77FAB7924D8F251002292AA /* Services */ = {
			isa = PBXGroup;
			children = (
				D77FAB7A24D8F266002292AA /* PokeService.swift */,
			);
			path = Services;
			sourceTree = "<group>";
		};
		D78C63C824DDCF8F00F1BC91 /* View */ = {
			isa = PBXGroup;
			children = (
				D77FAB6824D8E5D5002292AA /* Main.storyboard */,
				D77FAB6B24D8E5D9002292AA /* Assets.xcassets */,
				D77FAB6D24D8E5D9002292AA /* LaunchScreen.storyboard */,
			);
			path = View;
			sourceTree = "<group>";
		};
		D78C63C924DDCFB500F1BC91 /* ViewController */ = {
			isa = PBXGroup;
			children = (
				D77FAB6624D8E5D5002292AA /* ViewController.swift */,
				D78C63CA24DDCFDA00F1BC91 /* PokeTableViewCell.swift */,
				D78C63CB24DDCFDA00F1BC91 /* PokeTableViewCell.xib */,
			);
			path = ViewController;
			sourceTree = "<group>";
		};
/* End PBXGroup section */

/* Begin PBXNativeTarget section */
		D77FAB5E24D8E5D5002292AA /* Pokedex-iOS */ = {
			isa = PBXNativeTarget;
			buildConfigurationList = D77FAB7324D8E5D9002292AA /* Build configuration list for PBXNativeTarget "Pokedex-iOS" */;
			buildPhases = (
				D77FAB5B24D8E5D5002292AA /* Sources */,
				D77FAB5C24D8E5D5002292AA /* Frameworks */,
				D77FAB5D24D8E5D5002292AA /* Resources */,
			);
			buildRules = (
			);
			dependencies = (
			);
			name = "Pokedex-iOS";
			productName = "Pokedex-iOS";
			productReference = D77FAB5F24D8E5D5002292AA /* Pokedex-iOS.app */;
			productType = "com.apple.product-type.application";
		};
/* End PBXNativeTarget section */

/* Begin PBXProject section */
		D77FAB5724D8E5D5002292AA /* Project object */ = {
			isa = PBXProject;
			attributes = {
				LastSwiftUpdateCheck = 1160;
				LastUpgradeCheck = 1160;
				ORGANIZATIONNAME = "Gerson Arbigaus";
				TargetAttributes = {
					D77FAB5E24D8E5D5002292AA = {
						CreatedOnToolsVersion = 11.6;
					};
				};
			};
			buildConfigurationList = D77FAB5A24D8E5D5002292AA /* Build configuration list for PBXProject "Pokedex-iOS" */;
			compatibilityVersion = "Xcode 9.3";
			developmentRegion = en;
			hasScannedForEncodings = 0;
			knownRegions = (
				en,
				Base,
			);
			mainGroup = D77FAB5624D8E5D5002292AA;
			productRefGroup = D77FAB6024D8E5D5002292AA /* Products */;
			projectDirPath = "";
			projectRoot = "";
			targets = (
				D77FAB5E24D8E5D5002292AA /* Pokedex-iOS */,
			);
		};
/* End PBXProject section */

/* Begin PBXResourcesBuildPhase section */
		D77FAB5D24D8E5D5002292AA /* Resources */ = {
			isa = PBXResourcesBuildPhase;
			buildActionMask = 2147483647;
			files = (
				D78C63CD24DDCFDA00F1BC91 /* PokeTableViewCell.xib in Resources */,
				D77FAB6F24D8E5D9002292AA /* LaunchScreen.storyboard in Resources */,
				D77FAB6C24D8E5D9002292AA /* Assets.xcassets in Resources */,
				D77FAB6A24D8E5D5002292AA /* Main.storyboard in Resources */,
			);
			runOnlyForDeploymentPostprocessing = 0;
		};
/* End PBXResourcesBuildPhase section */

/* Begin PBXSourcesBuildPhase section */
		D77FAB5B24D8E5D5002292AA /* Sources */ = {
			isa = PBXSourcesBuildPhase;
			buildActionMask = 2147483647;
			files = (
				D78C63CC24DDCFDA00F1BC91 /* PokeTableViewCell.swift in Sources */,
				D77FAB6724D8E5D5002292AA /* ViewController.swift in Sources */,
				D77FAB7724D8EB35002292AA /* Colors.swift in Sources */,
				D77FAB6324D8E5D5002292AA /* AppDelegate.swift in Sources */,
				D77FAB6524D8E5D5002292AA /* SceneDelegate.swift in Sources */,
				D77FAB7B24D8F266002292AA /* PokeService.swift in Sources */,
			);
			runOnlyForDeploymentPostprocessing = 0;
		};
/* End PBXSourcesBuildPhase section */

/* Begin PBXVariantGroup section */
		D77FAB6824D8E5D5002292AA /* Main.storyboard */ = {
			isa = PBXVariantGroup;
			children = (
				D77FAB6924D8E5D5002292AA /* Base */,
			);
			name = Main.storyboard;
			sourceTree = "<group>";
		};
		D77FAB6D24D8E5D9002292AA /* LaunchScreen.storyboard */ = {
			isa = PBXVariantGroup;
			children = (
				D77FAB6E24D8E5D9002292AA /* Base */,
			);
			name = LaunchScreen.storyboard;
			sourceTree = "<group>";
		};
/* End PBXVariantGroup section */

/* Begin XCBuildConfiguration section */
		D77FAB7124D8E5D9002292AA /* Debug */ = {
			isa = XCBuildConfiguration;
			buildSettings = {
				ALWAYS_SEARCH_USER_PATHS = NO;
				CLANG_ANALYZER_NONNULL = YES;
				CLANG_ANALYZER_NUMBER_OBJECT_CONVERSION = YES_AGGRESSIVE;
				CLANG_CXX_LANGUAGE_STANDARD = "gnu++14";
				CLANG_CXX_LIBRARY = "libc++";
				CLANG_ENABLE_MODULES = YES;
				CLANG_ENABLE_OBJC_ARC = YES;
				CLANG_ENABLE_OBJC_WEAK = YES;
				CLANG_WARN_BLOCK_CAPTURE_AUTORELEASING = YES;
				CLANG_WARN_BOOL_CONVERSION = YES;
				CLANG_WARN_COMMA = YES;
				CLANG_WARN_CONSTANT_CONVERSION = YES;
				CLANG_WARN_DEPRECATED_OBJC_IMPLEMENTATIONS = YES;
				CLANG_WARN_DIRECT_OBJC_ISA_USAGE = YES_ERROR;
				CLANG_WARN_DOCUMENTATION_COMMENTS = YES;
				CLANG_WARN_EMPTY_BODY = YES;
				CLANG_WARN_ENUM_CONVERSION = YES;
				CLANG_WARN_INFINITE_RECURSION = YES;
				CLANG_WARN_INT_CONVERSION = YES;
				CLANG_WARN_NON_LITERAL_NULL_CONVERSION = YES;
				CLANG_WARN_OBJC_IMPLICIT_RETAIN_SELF = YES;
				CLANG_WARN_OBJC_LITERAL_CONVERSION = YES;
				CLANG_WARN_OBJC_ROOT_CLASS = YES_ERROR;
				CLANG_WARN_RANGE_LOOP_ANALYSIS = YES;
				CLANG_WARN_STRICT_PROTOTYPES = YES;
				CLANG_WARN_SUSPICIOUS_MOVE = YES;
				CLANG_WARN_UNGUARDED_AVAILABILITY = YES_AGGRESSIVE;
				CLANG_WARN_UNREACHABLE_CODE = YES;
				CLANG_WARN__DUPLICATE_METHOD_MATCH = YES;
				COPY_PHASE_STRIP = NO;
				DEBUG_INFORMATION_FORMAT = dwarf;
				ENABLE_STRICT_OBJC_MSGSEND = YES;
				ENABLE_TESTABILITY = YES;
				GCC_C_LANGUAGE_STANDARD = gnu11;
				GCC_DYNAMIC_NO_PIC = NO;
				GCC_NO_COMMON_BLOCKS = YES;
				GCC_OPTIMIZATION_LEVEL = 0;
				GCC_PREPROCESSOR_DEFINITIONS = (
					"DEBUG=1",
					"$(inherited)",
				);
				GCC_WARN_64_TO_32_BIT_CONVERSION = YES;
				GCC_WARN_ABOUT_RETURN_TYPE = YES_ERROR;
				GCC_WARN_UNDECLARED_SELECTOR = YES;
				GCC_WARN_UNINITIALIZED_AUTOS = YES_AGGRESSIVE;
				GCC_WARN_UNUSED_FUNCTION = YES;
				GCC_WARN_UNUSED_VARIABLE = YES;
				IPHONEOS_DEPLOYMENT_TARGET = 13.6;
				MTL_ENABLE_DEBUG_INFO = INCLUDE_SOURCE;
				MTL_FAST_MATH = YES;
				ONLY_ACTIVE_ARCH = YES;
				SDKROOT = iphoneos;
				SWIFT_ACTIVE_COMPILATION_CONDITIONS = DEBUG;
				SWIFT_OPTIMIZATION_LEVEL = "-Onone";
			};
			name = Debug;
		};
		D77FAB7224D8E5D9002292AA /* Release */ = {
			isa = XCBuildConfiguration;
			buildSettings = {
				ALWAYS_SEARCH_USER_PATHS = NO;
				CLANG_ANALYZER_NONNULL = YES;
				CLANG_ANALYZER_NUMBER_OBJECT_CONVERSION = YES_AGGRESSIVE;
				CLANG_CXX_LANGUAGE_STANDARD = "gnu++14";
				CLANG_CXX_LIBRARY = "libc++";
				CLANG_ENABLE_MODULES = YES;
				CLANG_ENABLE_OBJC_ARC = YES;
				CLANG_ENABLE_OBJC_WEAK = YES;
				CLANG_WARN_BLOCK_CAPTURE_AUTORELEASING = YES;
				CLANG_WARN_BOOL_CONVERSION = YES;
				CLANG_WARN_COMMA = YES;
				CLANG_WARN_CONSTANT_CONVERSION = YES;
				CLANG_WARN_DEPRECATED_OBJC_IMPLEMENTATIONS = YES;
				CLANG_WARN_DIRECT_OBJC_ISA_USAGE = YES_ERROR;
				CLANG_WARN_DOCUMENTATION_COMMENTS = YES;
				CLANG_WARN_EMPTY_BODY = YES;
				CLANG_WARN_ENUM_CONVERSION = YES;
				CLANG_WARN_INFINITE_RECURSION = YES;
				CLANG_WARN_INT_CONVERSION = YES;
				CLANG_WARN_NON_LITERAL_NULL_CONVERSION = YES;
				CLANG_WARN_OBJC_IMPLICIT_RETAIN_SELF = YES;
				CLANG_WARN_OBJC_LITERAL_CONVERSION = YES;
				CLANG_WARN_OBJC_ROOT_CLASS = YES_ERROR;
				CLANG_WARN_RANGE_LOOP_ANALYSIS = YES;
				CLANG_WARN_STRICT_PROTOTYPES = YES;
				CLANG_WARN_SUSPICIOUS_MOVE = YES;
				CLANG_WARN_UNGUARDED_AVAILABILITY = YES_AGGRESSIVE;
				CLANG_WARN_UNREACHABLE_CODE = YES;
				CLANG_WARN__DUPLICATE_METHOD_MATCH = YES;
				COPY_PHASE_STRIP = NO;
				DEBUG_INFORMATION_FORMAT = "dwarf-with-dsym";
				ENABLE_NS_ASSERTIONS = NO;
				ENABLE_STRICT_OBJC_MSGSEND = YES;
				GCC_C_LANGUAGE_STANDARD = gnu11;
				GCC_NO_COMMON_BLOCKS = YES;
				GCC_WARN_64_TO_32_BIT_CONVERSION = YES;
				GCC_WARN_ABOUT_RETURN_TYPE = YES_ERROR;
				GCC_WARN_UNDECLARED_SELECTOR = YES;
				GCC_WARN_UNINITIALIZED_AUTOS = YES_AGGRESSIVE;
				GCC_WARN_UNUSED_FUNCTION = YES;
				GCC_WARN_UNUSED_VARIABLE = YES;
				IPHONEOS_DEPLOYMENT_TARGET = 13.6;
				MTL_ENABLE_DEBUG_INFO = NO;
				MTL_FAST_MATH = YES;
				SDKROOT = iphoneos;
				SWIFT_COMPILATION_MODE = wholemodule;
				SWIFT_OPTIMIZATION_LEVEL = "-O";
				VALIDATE_PRODUCT = YES;
			};
			name = Release;
		};
		D77FAB7424D8E5D9002292AA /* Debug */ = {
			isa = XCBuildConfiguration;
			buildSettings = {
				ASSETCATALOG_COMPILER_APPICON_NAME = AppIcon;
				CODE_SIGN_STYLE = Automatic;
				DEVELOPMENT_TEAM = 3DAQ868NGN;
				INFOPLIST_FILE = "Pokedex-iOS/Info.plist";
				IPHONEOS_DEPLOYMENT_TARGET = 13.0;
				LD_RUNPATH_SEARCH_PATHS = (
					"$(inherited)",
					"@executable_path/Frameworks",
				);
				PRODUCT_BUNDLE_IDENTIFIER = "com.arbigaus.Pokedex-iOS";
				PRODUCT_NAME = "$(TARGET_NAME)";
				SWIFT_VERSION = 5.0;
				TARGETED_DEVICE_FAMILY = "1,2";
			};
			name = Debug;
		};
		D77FAB7524D8E5D9002292AA /* Release */ = {
			isa = XCBuildConfiguration;
			buildSettings = {
				ASSETCATALOG_COMPILER_APPICON_NAME = AppIcon;
				CODE_SIGN_STYLE = Automatic;
				DEVELOPMENT_TEAM = 3DAQ868NGN;
				INFOPLIST_FILE = "Pokedex-iOS/Info.plist";
				IPHONEOS_DEPLOYMENT_TARGET = 13.0;
				LD_RUNPATH_SEARCH_PATHS = (
					"$(inherited)",
					"@executable_path/Frameworks",
				);
				PRODUCT_BUNDLE_IDENTIFIER = "com.arbigaus.Pokedex-iOS";
				PRODUCT_NAME = "$(TARGET_NAME)";
				SWIFT_VERSION = 5.0;
				TARGETED_DEVICE_FAMILY = "1,2";
			};
			name = Release;
		};
/* End XCBuildConfiguration section */

/* Begin XCConfigurationList section */
		D77FAB5A24D8E5D5002292AA /* Build configuration list for PBXProject "Pokedex-iOS" */ = {
			isa = XCConfigurationList;
			buildConfigurations = (
				D77FAB7124D8E5D9002292AA /* Debug */,
				D77FAB7224D8E5D9002292AA /* Release */,
			);
			defaultConfigurationIsVisible = 0;
			defaultConfigurationName = Release;
		};
		D77FAB7324D8E5D9002292AA /* Build configuration list for PBXNativeTarget "Pokedex-iOS" */ = {
			isa = XCConfigurationList;
			buildConfigurations = (
				D77FAB7424D8E5D9002292AA /* Debug */,
				D77FAB7524D8E5D9002292AA /* Release */,
			);
			defaultConfigurationIsVisible = 0;
			defaultConfigurationName = Release;
		};
/* End XCConfigurationList section */
	};
	rootObject = D77FAB5724D8E5D5002292AA /* Project object */;
}
